
Microsoft Visual Studio Solution File, Format Version 12.00
# Visual Studio Version 16
VisualStudioVersion = 16.0.30413.136
MinimumVisualStudioVersion = 10.0.40219.1
Project("{FAE04EC0-301F-11D3-BF4B-00C04F79EFBC}") = "Hänga gubbe prövning", "Hänga gubbe prövning.csproj", "{E1022D2A-8EDA-440A-815C-1BCDDC8A517A}"
EndProject
Global
	GlobalSection(SolutionConfigurationPlatforms) = preSolution
		Debug|Any CPU = Debug|Any CPU
		Release|Any CPU = Release|Any CPU
	EndGlobalSection
	GlobalSection(ProjectConfigurationPlatforms) = postSolution
		{E1022D2A-8EDA-440A-815C-1BCDDC8A517A}.Debug|Any CPU.ActiveCfg = Debug|Any CPU
		{E1022D2A-8EDA-440A-815C-1BCDDC8A517A}.Debug|Any CPU.Build.0 = Debug|Any CPU
		{E1022D2A-8EDA-440A-815C-1BCDDC8A517A}.Release|Any CPU.ActiveCfg = Release|Any CPU
		{E1022D2A-8EDA-440A-815C-1BCDDC8A517A}.Release|Any CPU.Build.0 = Release|Any CPU
	EndGlobalSection
	GlobalSection(SolutionProperties) = preSolution
		HideSolutionNode = FALSE
	EndGlobalSection
	GlobalSection(ExtensibilityGlobals) = postSolution
		SolutionGuid = {787C7231-9570-4650-9D6D-F417C646C616}
	EndGlobalSection
EndGlobal
